// !$*UTF8*$!
{
	archiveVersion = 1;
	classes = {
	};
	objectVersion = 50;
	objects = {

/* Begin PBXBuildFile section */
		4DF454EA240551FC00146876 /* FlashCard.swift in Sources */ = {isa = PBXBuildFile; fileRef = 4DF454E9240551FC00146876 /* FlashCard.swift */; };
		4DF454EC2405526400146876 /* Deck.swift in Sources */ = {isa = PBXBuildFile; fileRef = 4DF454EB2405526400146876 /* Deck.swift */; };
		690BD071240D3FB4003EF126 /* FibTableView.swift in Sources */ = {isa = PBXBuildFile; fileRef = 690BD070240D3FB4003EF126 /* FibTableView.swift */; };
		692C1C1E243501D400DB9520 /* ScoreScreen.swift in Sources */ = {isa = PBXBuildFile; fileRef = 692C1C1D243501D400DB9520 /* ScoreScreen.swift */; };
		F33892D82436B76700A1C14C /* AddDeckViewController.swift in Sources */ = {isa = PBXBuildFile; fileRef = F33892D72436B76700A1C14C /* AddDeckViewController.swift */; };
		F33892DA2436CA6E00A1C14C /* EditDeckViewController.swift in Sources */ = {isa = PBXBuildFile; fileRef = F33892D92436CA6E00A1C14C /* EditDeckViewController.swift */; };
		F33C406D2466586F005456CB /* EditFlashcardViewController.swift in Sources */ = {isa = PBXBuildFile; fileRef = F33C406C2466586F005456CB /* EditFlashcardViewController.swift */; };
		F3DFC64923FEC2F00042F4A2 /* AppDelegate.swift in Sources */ = {isa = PBXBuildFile; fileRef = F3DFC64823FEC2F00042F4A2 /* AppDelegate.swift */; };
		F3DFC64B23FEC2F00042F4A2 /* SceneDelegate.swift in Sources */ = {isa = PBXBuildFile; fileRef = F3DFC64A23FEC2F00042F4A2 /* SceneDelegate.swift */; };
		F3DFC64D23FEC2F00042F4A2 /* ViewController.swift in Sources */ = {isa = PBXBuildFile; fileRef = F3DFC64C23FEC2F00042F4A2 /* ViewController.swift */; };
		F3DFC65023FEC2F00042F4A2 /* Main.storyboard in Resources */ = {isa = PBXBuildFile; fileRef = F3DFC64E23FEC2F00042F4A2 /* Main.storyboard */; };
		F3DFC65223FEC2F60042F4A2 /* Assets.xcassets in Resources */ = {isa = PBXBuildFile; fileRef = F3DFC65123FEC2F60042F4A2 /* Assets.xcassets */; };
		F3DFC65523FEC2F60042F4A2 /* LaunchScreen.storyboard in Resources */ = {isa = PBXBuildFile; fileRef = F3DFC65323FEC2F60042F4A2 /* LaunchScreen.storyboard */; };
		F3DFC66023FEC2F70042F4A2 /* PartyologyIITests.swift in Sources */ = {isa = PBXBuildFile; fileRef = F3DFC65F23FEC2F70042F4A2 /* PartyologyIITests.swift */; };
		F3DFC66B23FEC2F70042F4A2 /* PartyologyIIUITests.swift in Sources */ = {isa = PBXBuildFile; fileRef = F3DFC66A23FEC2F70042F4A2 /* PartyologyIIUITests.swift */; };
		F3DFC67923FEC3AD0042F4A2 /* GoogleService-Info.plist in Resources */ = {isa = PBXBuildFile; fileRef = F3DFC67823FEC3AD0042F4A2 /* GoogleService-Info.plist */; };
		F3DFC67B23FECC390042F4A2 /* SignUpViewController.swift in Sources */ = {isa = PBXBuildFile; fileRef = F3DFC67A23FECC390042F4A2 /* SignUpViewController.swift */; };
		F3DFC67D23FECCCE0042F4A2 /* HomeScreenViewController.swift in Sources */ = {isa = PBXBuildFile; fileRef = F3DFC67C23FECCCE0042F4A2 /* HomeScreenViewController.swift */; };
		F3DFC67F23FECD0F0042F4A2 /* HeadsUpViewController.swift in Sources */ = {isa = PBXBuildFile; fileRef = F3DFC67E23FECD0F0042F4A2 /* HeadsUpViewController.swift */; };
		F3DFC68123FECD200042F4A2 /* FibbageViewController.swift in Sources */ = {isa = PBXBuildFile; fileRef = F3DFC68023FECD200042F4A2 /* FibbageViewController.swift */; };
		F3DFC68323FECD2D0042F4A2 /* DeckChooseViewController.swift in Sources */ = {isa = PBXBuildFile; fileRef = F3DFC68223FECD2D0042F4A2 /* DeckChooseViewController.swift */; };
		F3DFC68523FECD3A0042F4A2 /* DeckEditViewController.swift in Sources */ = {isa = PBXBuildFile; fileRef = F3DFC68423FECD3A0042F4A2 /* DeckEditViewController.swift */; };
		F519756CC526FD18472D17C6 /* libPods-PartyologyII.a in Frameworks */ = {isa = PBXBuildFile; fileRef = A2929EC0CBF633DEE61B5058 /* libPods-PartyologyII.a */; };
		FD17CD9A240D405F0027B0DE /* GameChooseViewController.swift in Sources */ = {isa = PBXBuildFile; fileRef = FD17CD99240D405F0027B0DE /* GameChooseViewController.swift */; };
		FD17CD9C24127D350027B0DE /* DeckChooseTableView.swift in Sources */ = {isa = PBXBuildFile; fileRef = FD17CD9B24127D350027B0DE /* DeckChooseTableView.swift */; };
/* End PBXBuildFile section */

/* Begin PBXContainerItemProxy section */
		F3DFC65C23FEC2F70042F4A2 /* PBXContainerItemProxy */ = {
			isa = PBXContainerItemProxy;
			containerPortal = F3DFC63D23FEC2F00042F4A2 /* Project object */;
			proxyType = 1;
			remoteGlobalIDString = F3DFC64423FEC2F00042F4A2;
			remoteInfo = PartyologyII;
		};
		F3DFC66723FEC2F70042F4A2 /* PBXContainerItemProxy */ = {
			isa = PBXContainerItemProxy;
			containerPortal = F3DFC63D23FEC2F00042F4A2 /* Project object */;
			proxyType = 1;
			remoteGlobalIDString = F3DFC64423FEC2F00042F4A2;
			remoteInfo = PartyologyII;
		};
/* End PBXContainerItemProxy section */

/* Begin PBXFileReference section */
		0D37188677D558F0F245A7C8 /* Pods-PartyologyII.debug.xcconfig */ = {isa = PBXFileReference; includeInIndex = 1; lastKnownFileType = text.xcconfig; name = "Pods-PartyologyII.debug.xcconfig"; path = "Target Support Files/Pods-PartyologyII/Pods-PartyologyII.debug.xcconfig"; sourceTree = "<group>"; };
		4DF454E9240551FC00146876 /* FlashCard.swift */ = {isa = PBXFileReference; lastKnownFileType = sourcecode.swift; path = FlashCard.swift; sourceTree = "<group>"; };
		4DF454EB2405526400146876 /* Deck.swift */ = {isa = PBXFileReference; lastKnownFileType = sourcecode.swift; path = Deck.swift; sourceTree = "<group>"; };
		690BD070240D3FB4003EF126 /* FibTableView.swift */ = {isa = PBXFileReference; lastKnownFileType = sourcecode.swift; path = FibTableView.swift; sourceTree = "<group>"; };
		692C1C1D243501D400DB9520 /* ScoreScreen.swift */ = {isa = PBXFileReference; lastKnownFileType = sourcecode.swift; path = ScoreScreen.swift; sourceTree = "<group>"; };
		A2929EC0CBF633DEE61B5058 /* libPods-PartyologyII.a */ = {isa = PBXFileReference; explicitFileType = archive.ar; includeInIndex = 0; path = "libPods-PartyologyII.a"; sourceTree = BUILT_PRODUCTS_DIR; };
		BCF4D22A75D7CEAD70A6AF1D /* Pods-PartyologyII.release.xcconfig */ = {isa = PBXFileReference; includeInIndex = 1; lastKnownFileType = text.xcconfig; name = "Pods-PartyologyII.release.xcconfig"; path = "Target Support Files/Pods-PartyologyII/Pods-PartyologyII.release.xcconfig"; sourceTree = "<group>"; };
		F33892D72436B76700A1C14C /* AddDeckViewController.swift */ = {isa = PBXFileReference; lastKnownFileType = sourcecode.swift; path = AddDeckViewController.swift; sourceTree = "<group>"; };
		F33892D92436CA6E00A1C14C /* EditDeckViewController.swift */ = {isa = PBXFileReference; lastKnownFileType = sourcecode.swift; path = EditDeckViewController.swift; sourceTree = "<group>"; };
		F33C406C2466586F005456CB /* EditFlashcardViewController.swift */ = {isa = PBXFileReference; lastKnownFileType = sourcecode.swift; path = EditFlashcardViewController.swift; sourceTree = "<group>"; };
		F3DFC64523FEC2F00042F4A2 /* PartyologyII.app */ = {isa = PBXFileReference; explicitFileType = wrapper.application; includeInIndex = 0; path = PartyologyII.app; sourceTree = BUILT_PRODUCTS_DIR; };
		F3DFC64823FEC2F00042F4A2 /* AppDelegate.swift */ = {isa = PBXFileReference; lastKnownFileType = sourcecode.swift; path = AppDelegate.swift; sourceTree = "<group>"; };
		F3DFC64A23FEC2F00042F4A2 /* SceneDelegate.swift */ = {isa = PBXFileReference; lastKnownFileType = sourcecode.swift; path = SceneDelegate.swift; sourceTree = "<group>"; };
		F3DFC64C23FEC2F00042F4A2 /* ViewController.swift */ = {isa = PBXFileReference; lastKnownFileType = sourcecode.swift; path = ViewController.swift; sourceTree = "<group>"; };
		F3DFC64F23FEC2F00042F4A2 /* Base */ = {isa = PBXFileReference; lastKnownFileType = file.storyboard; name = Base; path = Base.lproj/Main.storyboard; sourceTree = "<group>"; };
		F3DFC65123FEC2F60042F4A2 /* Assets.xcassets */ = {isa = PBXFileReference; lastKnownFileType = folder.assetcatalog; path = Assets.xcassets; sourceTree = "<group>"; };
		F3DFC65423FEC2F60042F4A2 /* Base */ = {isa = PBXFileReference; lastKnownFileType = file.storyboard; name = Base; path = Base.lproj/LaunchScreen.storyboard; sourceTree = "<group>"; };
		F3DFC65623FEC2F60042F4A2 /* Info.plist */ = {isa = PBXFileReference; lastKnownFileType = text.plist.xml; path = Info.plist; sourceTree = "<group>"; };
		F3DFC65B23FEC2F70042F4A2 /* PartyologyIITests.xctest */ = {isa = PBXFileReference; explicitFileType = wrapper.cfbundle; includeInIndex = 0; path = PartyologyIITests.xctest; sourceTree = BUILT_PRODUCTS_DIR; };
		F3DFC65F23FEC2F70042F4A2 /* PartyologyIITests.swift */ = {isa = PBXFileReference; lastKnownFileType = sourcecode.swift; path = PartyologyIITests.swift; sourceTree = "<group>"; };
		F3DFC66123FEC2F70042F4A2 /* Info.plist */ = {isa = PBXFileReference; lastKnownFileType = text.plist.xml; path = Info.plist; sourceTree = "<group>"; };
		F3DFC66623FEC2F70042F4A2 /* PartyologyIIUITests.xctest */ = {isa = PBXFileReference; explicitFileType = wrapper.cfbundle; includeInIndex = 0; path = PartyologyIIUITests.xctest; sourceTree = BUILT_PRODUCTS_DIR; };
		F3DFC66A23FEC2F70042F4A2 /* PartyologyIIUITests.swift */ = {isa = PBXFileReference; lastKnownFileType = sourcecode.swift; path = PartyologyIIUITests.swift; sourceTree = "<group>"; };
		F3DFC66C23FEC2F70042F4A2 /* Info.plist */ = {isa = PBXFileReference; lastKnownFileType = text.plist.xml; path = Info.plist; sourceTree = "<group>"; };
		F3DFC67823FEC3AD0042F4A2 /* GoogleService-Info.plist */ = {isa = PBXFileReference; fileEncoding = 4; lastKnownFileType = text.plist.xml; path = "GoogleService-Info.plist"; sourceTree = "<group>"; };
		F3DFC67A23FECC390042F4A2 /* SignUpViewController.swift */ = {isa = PBXFileReference; lastKnownFileType = sourcecode.swift; path = SignUpViewController.swift; sourceTree = "<group>"; };
		F3DFC67C23FECCCE0042F4A2 /* HomeScreenViewController.swift */ = {isa = PBXFileReference; lastKnownFileType = sourcecode.swift; path = HomeScreenViewController.swift; sourceTree = "<group>"; };
		F3DFC67E23FECD0F0042F4A2 /* HeadsUpViewController.swift */ = {isa = PBXFileReference; lastKnownFileType = sourcecode.swift; path = HeadsUpViewController.swift; sourceTree = "<group>"; };
		F3DFC68023FECD200042F4A2 /* FibbageViewController.swift */ = {isa = PBXFileReference; lastKnownFileType = sourcecode.swift; path = FibbageViewController.swift; sourceTree = "<group>"; };
		F3DFC68223FECD2D0042F4A2 /* DeckChooseViewController.swift */ = {isa = PBXFileReference; lastKnownFileType = sourcecode.swift; path = DeckChooseViewController.swift; sourceTree = "<group>"; };
		F3DFC68423FECD3A0042F4A2 /* DeckEditViewController.swift */ = {isa = PBXFileReference; lastKnownFileType = sourcecode.swift; path = DeckEditViewController.swift; sourceTree = "<group>"; };
		FD17CD99240D405F0027B0DE /* GameChooseViewController.swift */ = {isa = PBXFileReference; lastKnownFileType = sourcecode.swift; path = GameChooseViewController.swift; sourceTree = "<group>"; };
		FD17CD9B24127D350027B0DE /* DeckChooseTableView.swift */ = {isa = PBXFileReference; lastKnownFileType = sourcecode.swift; path = DeckChooseTableView.swift; sourceTree = "<group>"; };
/* End PBXFileReference section */

/* Begin PBXFrameworksBuildPhase section */
		F3DFC64223FEC2F00042F4A2 /* Frameworks */ = {
			isa = PBXFrameworksBuildPhase;
			buildActionMask = 2147483647;
			files = (
				F519756CC526FD18472D17C6 /* libPods-PartyologyII.a in Frameworks */,
			);
			runOnlyForDeploymentPostprocessing = 0;
		};
		F3DFC65823FEC2F70042F4A2 /* Frameworks */ = {
			isa = PBXFrameworksBuildPhase;
			buildActionMask = 2147483647;
			files = (
			);
			runOnlyForDeploymentPostprocessing = 0;
		};
		F3DFC66323FEC2F70042F4A2 /* Frameworks */ = {
			isa = PBXFrameworksBuildPhase;
			buildActionMask = 2147483647;
			files = (
			);
			runOnlyForDeploymentPostprocessing = 0;
		};
/* End PBXFrameworksBuildPhase section */

/* Begin PBXGroup section */
		175A749FB50F2AC6EA2B63F2 /* Frameworks */ = {
			isa = PBXGroup;
			children = (
				A2929EC0CBF633DEE61B5058 /* libPods-PartyologyII.a */,
			);
			name = Frameworks;
			sourceTree = "<group>";
		};
		B2F4701EBB4ACBD34F96F806 /* Pods */ = {
			isa = PBXGroup;
			children = (
				0D37188677D558F0F245A7C8 /* Pods-PartyologyII.debug.xcconfig */,
				BCF4D22A75D7CEAD70A6AF1D /* Pods-PartyologyII.release.xcconfig */,
			);
			path = Pods;
			sourceTree = "<group>";
		};
		F3DFC63C23FEC2F00042F4A2 = {
			isa = PBXGroup;
			children = (
				F3DFC64723FEC2F00042F4A2 /* PartyologyII */,
				F3DFC65E23FEC2F70042F4A2 /* PartyologyIITests */,
				F3DFC66923FEC2F70042F4A2 /* PartyologyIIUITests */,
				F3DFC64623FEC2F00042F4A2 /* Products */,
				B2F4701EBB4ACBD34F96F806 /* Pods */,
				175A749FB50F2AC6EA2B63F2 /* Frameworks */,
			);
			sourceTree = "<group>";
		};
		F3DFC64623FEC2F00042F4A2 /* Products */ = {
			isa = PBXGroup;
			children = (
				F3DFC64523FEC2F00042F4A2 /* PartyologyII.app */,
				F3DFC65B23FEC2F70042F4A2 /* PartyologyIITests.xctest */,
				F3DFC66623FEC2F70042F4A2 /* PartyologyIIUITests.xctest */,
			);
			name = Products;
			sourceTree = "<group>";
		};
		F3DFC64723FEC2F00042F4A2 /* PartyologyII */ = {
			isa = PBXGroup;
			children = (
				F33892D72436B76700A1C14C /* AddDeckViewController.swift */,
				F3DFC64823FEC2F00042F4A2 /* AppDelegate.swift */,
				F3DFC64A23FEC2F00042F4A2 /* SceneDelegate.swift */,
				F3DFC64C23FEC2F00042F4A2 /* ViewController.swift */,
				F3DFC64E23FEC2F00042F4A2 /* Main.storyboard */,
				F3DFC68023FECD200042F4A2 /* FibbageViewController.swift */,
				690BD070240D3FB4003EF126 /* FibTableView.swift */,
				692C1C1D243501D400DB9520 /* ScoreScreen.swift */,
				F3DFC65123FEC2F60042F4A2 /* Assets.xcassets */,
				F3DFC65323FEC2F60042F4A2 /* LaunchScreen.storyboard */,
				F3DFC67C23FECCCE0042F4A2 /* HomeScreenViewController.swift */,
				F3DFC67E23FECD0F0042F4A2 /* HeadsUpViewController.swift */,
				F3DFC68223FECD2D0042F4A2 /* DeckChooseViewController.swift */,
				4DF454E9240551FC00146876 /* FlashCard.swift */,
				4DF454EB2405526400146876 /* Deck.swift */,
				F3DFC67A23FECC390042F4A2 /* SignUpViewController.swift */,
				F3DFC67823FEC3AD0042F4A2 /* GoogleService-Info.plist */,
				F3DFC68423FECD3A0042F4A2 /* DeckEditViewController.swift */,
				F3DFC65623FEC2F60042F4A2 /* Info.plist */,
				FD17CD99240D405F0027B0DE /* GameChooseViewController.swift */,
				FD17CD9B24127D350027B0DE /* DeckChooseTableView.swift */,
				F33892D92436CA6E00A1C14C /* EditDeckViewController.swift */,
				F33C406C2466586F005456CB /* EditFlashcardViewController.swift */,
			);
			path = PartyologyII;
			sourceTree = "<group>";
		};
		F3DFC65E23FEC2F70042F4A2 /* PartyologyIITests */ = {
			isa = PBXGroup;
			children = (
				F3DFC65F23FEC2F70042F4A2 /* PartyologyIITests.swift */,
				F3DFC66123FEC2F70042F4A2 /* Info.plist */,
			);
			path = PartyologyIITests;
			sourceTree = "<group>";
		};
		F3DFC66923FEC2F70042F4A2 /* PartyologyIIUITests */ = {
			isa = PBXGroup;
			children = (
				F3DFC66A23FEC2F70042F4A2 /* PartyologyIIUITests.swift */,
				F3DFC66C23FEC2F70042F4A2 /* Info.plist */,
			);
			path = PartyologyIIUITests;
			sourceTree = "<group>";
		};
/* End PBXGroup section */

/* Begin PBXNativeTarget section */
		F3DFC64423FEC2F00042F4A2 /* PartyologyII */ = {
			isa = PBXNativeTarget;
			buildConfigurationList = F3DFC66F23FEC2F70042F4A2 /* Build configuration list for PBXNativeTarget "PartyologyII" */;
			buildPhases = (
				057154015DA56E09733C8920 /* [CP] Check Pods Manifest.lock */,
				F3DFC64123FEC2F00042F4A2 /* Sources */,
				F3DFC64223FEC2F00042F4A2 /* Frameworks */,
				F3DFC64323FEC2F00042F4A2 /* Resources */,
			);
			buildRules = (
			);
			dependencies = (
			);
			name = PartyologyII;
			productName = PartyologyII;
			productReference = F3DFC64523FEC2F00042F4A2 /* PartyologyII.app */;
			productType = "com.apple.product-type.application";
		};
		F3DFC65A23FEC2F70042F4A2 /* PartyologyIITests */ = {
			isa = PBXNativeTarget;
			buildConfigurationList = F3DFC67223FEC2F70042F4A2 /* Build configuration list for PBXNativeTarget "PartyologyIITests" */;
			buildPhases = (
				F3DFC65723FEC2F70042F4A2 /* Sources */,
				F3DFC65823FEC2F70042F4A2 /* Frameworks */,
				F3DFC65923FEC2F70042F4A2 /* Resources */,
			);
			buildRules = (
			);
			dependencies = (
				F3DFC65D23FEC2F70042F4A2 /* PBXTargetDependency */,
			);
			name = PartyologyIITests;
			productName = PartyologyIITests;
			productReference = F3DFC65B23FEC2F70042F4A2 /* PartyologyIITests.xctest */;
			productType = "com.apple.product-type.bundle.unit-test";
		};
		F3DFC66523FEC2F70042F4A2 /* PartyologyIIUITests */ = {
			isa = PBXNativeTarget;
			buildConfigurationList = F3DFC67523FEC2F70042F4A2 /* Build configuration list for PBXNativeTarget "PartyologyIIUITests" */;
			buildPhases = (
				F3DFC66223FEC2F70042F4A2 /* Sources */,
				F3DFC66323FEC2F70042F4A2 /* Frameworks */,
				F3DFC66423FEC2F70042F4A2 /* Resources */,
			);
			buildRules = (
			);
			dependencies = (
				F3DFC66823FEC2F70042F4A2 /* PBXTargetDependency */,
			);
			name = PartyologyIIUITests;
			productName = PartyologyIIUITests;
			productReference = F3DFC66623FEC2F70042F4A2 /* PartyologyIIUITests.xctest */;
			productType = "com.apple.product-type.bundle.ui-testing";
		};
/* End PBXNativeTarget section */

/* Begin PBXProject section */
		F3DFC63D23FEC2F00042F4A2 /* Project object */ = {
			isa = PBXProject;
			attributes = {
				LastSwiftUpdateCheck = 1130;
				LastUpgradeCheck = 1130;
				ORGANIZATIONNAME = "Charles Berman (student LM)";
				TargetAttributes = {
					F3DFC64423FEC2F00042F4A2 = {
						CreatedOnToolsVersion = 11.3.1;
					};
					F3DFC65A23FEC2F70042F4A2 = {
						CreatedOnToolsVersion = 11.3.1;
						TestTargetID = F3DFC64423FEC2F00042F4A2;
					};
					F3DFC66523FEC2F70042F4A2 = {
						CreatedOnToolsVersion = 11.3.1;
						TestTargetID = F3DFC64423FEC2F00042F4A2;
					};
				};
			};
			buildConfigurationList = F3DFC64023FEC2F00042F4A2 /* Build configuration list for PBXProject "PartyologyII" */;
			compatibilityVersion = "Xcode 9.3";
			developmentRegion = en;
			hasScannedForEncodings = 0;
			knownRegions = (
				en,
				Base,
			);
			mainGroup = F3DFC63C23FEC2F00042F4A2;
			productRefGroup = F3DFC64623FEC2F00042F4A2 /* Products */;
			projectDirPath = "";
			projectRoot = "";
			targets = (
				F3DFC64423FEC2F00042F4A2 /* PartyologyII */,
				F3DFC65A23FEC2F70042F4A2 /* PartyologyIITests */,
				F3DFC66523FEC2F70042F4A2 /* PartyologyIIUITests */,
			);
		};
/* End PBXProject section */

/* Begin PBXResourcesBuildPhase section */
		F3DFC64323FEC2F00042F4A2 /* Resources */ = {
			isa = PBXResourcesBuildPhase;
			buildActionMask = 2147483647;
			files = (
				F3DFC65523FEC2F60042F4A2 /* LaunchScreen.storyboard in Resources */,
				F3DFC65223FEC2F60042F4A2 /* Assets.xcassets in Resources */,
				F3DFC67923FEC3AD0042F4A2 /* GoogleService-Info.plist in Resources */,
				F3DFC65023FEC2F00042F4A2 /* Main.storyboard in Resources */,
			);
			runOnlyForDeploymentPostprocessing = 0;
		};
		F3DFC65923FEC2F70042F4A2 /* Resources */ = {
			isa = PBXResourcesBuildPhase;
			buildActionMask = 2147483647;
			files = (
			);
			runOnlyForDeploymentPostprocessing = 0;
		};
		F3DFC66423FEC2F70042F4A2 /* Resources */ = {
			isa = PBXResourcesBuildPhase;
			buildActionMask = 2147483647;
			files = (
			);
			runOnlyForDeploymentPostprocessing = 0;
		};
/* End PBXResourcesBuildPhase section */

/* Begin PBXShellScriptBuildPhase section */
		057154015DA56E09733C8920 /* [CP] Check Pods Manifest.lock */ = {
			isa = PBXShellScriptBuildPhase;
			buildActionMask = 2147483647;
			files = (
			);
			inputFileListPaths = (
			);
			inputPaths = (
				"${PODS_PODFILE_DIR_PATH}/Podfile.lock",
				"${PODS_ROOT}/Manifest.lock",
			);
			name = "[CP] Check Pods Manifest.lock";
			outputFileListPaths = (
			);
			outputPaths = (
				"$(DERIVED_FILE_DIR)/Pods-PartyologyII-checkManifestLockResult.txt",
			);
			runOnlyForDeploymentPostprocessing = 0;
			shellPath = /bin/sh;
			shellScript = "diff \"${PODS_PODFILE_DIR_PATH}/Podfile.lock\" \"${PODS_ROOT}/Manifest.lock\" > /dev/null\nif [ $? != 0 ] ; then\n    # print error to STDERR\n    echo \"error: The sandbox is not in sync with the Podfile.lock. Run 'pod install' or update your CocoaPods installation.\" >&2\n    exit 1\nfi\n# This output is used by Xcode 'outputs' to avoid re-running this script phase.\necho \"SUCCESS\" > \"${SCRIPT_OUTPUT_FILE_0}\"\n";
			showEnvVarsInLog = 0;
		};
/* End PBXShellScriptBuildPhase section */

/* Begin PBXSourcesBuildPhase section */
		F3DFC64123FEC2F00042F4A2 /* Sources */ = {
			isa = PBXSourcesBuildPhase;
			buildActionMask = 2147483647;
			files = (
				F3DFC68323FECD2D0042F4A2 /* DeckChooseViewController.swift in Sources */,
				F3DFC68123FECD200042F4A2 /* FibbageViewController.swift in Sources */,
				F3DFC64D23FEC2F00042F4A2 /* ViewController.swift in Sources */,
				FD17CD9C24127D350027B0DE /* DeckChooseTableView.swift in Sources */,
				F3DFC67F23FECD0F0042F4A2 /* HeadsUpViewController.swift in Sources */,
				F33892D82436B76700A1C14C /* AddDeckViewController.swift in Sources */,
				FD17CD9A240D405F0027B0DE /* GameChooseViewController.swift in Sources */,
				692C1C1E243501D400DB9520 /* ScoreScreen.swift in Sources */,
				4DF454EA240551FC00146876 /* FlashCard.swift in Sources */,
				690BD071240D3FB4003EF126 /* FibTableView.swift in Sources */,
				F3DFC64923FEC2F00042F4A2 /* AppDelegate.swift in Sources */,
				F3DFC68523FECD3A0042F4A2 /* DeckEditViewController.swift in Sources */,
				F3DFC67B23FECC390042F4A2 /* SignUpViewController.swift in Sources */,
				F33C406D2466586F005456CB /* EditFlashcardViewController.swift in Sources */,
				F3DFC64B23FEC2F00042F4A2 /* SceneDelegate.swift in Sources */,
				4DF454EC2405526400146876 /* Deck.swift in Sources */,
				F33892DA2436CA6E00A1C14C /* EditDeckViewController.swift in Sources */,
				F3DFC67D23FECCCE0042F4A2 /* HomeScreenViewController.swift in Sources */,
			);
			runOnlyForDeploymentPostprocessing = 0;
		};
		F3DFC65723FEC2F70042F4A2 /* Sources */ = {
			isa = PBXSourcesBuildPhase;
			buildActionMask = 2147483647;
			files = (
				F3DFC66023FEC2F70042F4A2 /* PartyologyIITests.swift in Sources */,
			);
			runOnlyForDeploymentPostprocessing = 0;
		};
		F3DFC66223FEC2F70042F4A2 /* Sources */ = {
			isa = PBXSourcesBuildPhase;
			buildActionMask = 2147483647;
			files = (
				F3DFC66B23FEC2F70042F4A2 /* PartyologyIIUITests.swift in Sources */,
			);
			runOnlyForDeploymentPostprocessing = 0;
		};
/* End PBXSourcesBuildPhase section */

/* Begin PBXTargetDependency section */
		F3DFC65D23FEC2F70042F4A2 /* PBXTargetDependency */ = {
			isa = PBXTargetDependency;
			target = F3DFC64423FEC2F00042F4A2 /* PartyologyII */;
			targetProxy = F3DFC65C23FEC2F70042F4A2 /* PBXContainerItemProxy */;
		};
		F3DFC66823FEC2F70042F4A2 /* PBXTargetDependency */ = {
			isa = PBXTargetDependency;
			target = F3DFC64423FEC2F00042F4A2 /* PartyologyII */;
			targetProxy = F3DFC66723FEC2F70042F4A2 /* PBXContainerItemProxy */;
		};
/* End PBXTargetDependency section */

/* Begin PBXVariantGroup section */
		F3DFC64E23FEC2F00042F4A2 /* Main.storyboard */ = {
			isa = PBXVariantGroup;
			children = (
				F3DFC64F23FEC2F00042F4A2 /* Base */,
			);
			name = Main.storyboard;
			sourceTree = "<group>";
		};
		F3DFC65323FEC2F60042F4A2 /* LaunchScreen.storyboard */ = {
			isa = PBXVariantGroup;
			children = (
				F3DFC65423FEC2F60042F4A2 /* Base */,
			);
			name = LaunchScreen.storyboard;
			sourceTree = "<group>";
		};
/* End PBXVariantGroup section */

/* Begin XCBuildConfiguration section */
		F3DFC66D23FEC2F70042F4A2 /* Debug */ = {
			isa = XCBuildConfiguration;
			buildSettings = {
				ALWAYS_SEARCH_USER_PATHS = NO;
				CLANG_ANALYZER_NONNULL = YES;
				CLANG_ANALYZER_NUMBER_OBJECT_CONVERSION = YES_AGGRESSIVE;
				CLANG_CXX_LANGUAGE_STANDARD = "gnu++14";
				CLANG_CXX_LIBRARY = "libc++";
				CLANG_ENABLE_MODULES = YES;
				CLANG_ENABLE_OBJC_ARC = YES;
				CLANG_ENABLE_OBJC_WEAK = YES;
				CLANG_WARN_BLOCK_CAPTURE_AUTORELEASING = YES;
				CLANG_WARN_BOOL_CONVERSION = YES;
				CLANG_WARN_COMMA = YES;
				CLANG_WARN_CONSTANT_CONVERSION = YES;
				CLANG_WARN_DEPRECATED_OBJC_IMPLEMENTATIONS = YES;
				CLANG_WARN_DIRECT_OBJC_ISA_USAGE = YES_ERROR;
				CLANG_WARN_DOCUMENTATION_COMMENTS = YES;
				CLANG_WARN_EMPTY_BODY = YES;
				CLANG_WARN_ENUM_CONVERSION = YES;
				CLANG_WARN_INFINITE_RECURSION = YES;
				CLANG_WARN_INT_CONVERSION = YES;
				CLANG_WARN_NON_LITERAL_NULL_CONVERSION = YES;
				CLANG_WARN_OBJC_IMPLICIT_RETAIN_SELF = YES;
				CLANG_WARN_OBJC_LITERAL_CONVERSION = YES;
				CLANG_WARN_OBJC_ROOT_CLASS = YES_ERROR;
				CLANG_WARN_RANGE_LOOP_ANALYSIS = YES;
				CLANG_WARN_STRICT_PROTOTYPES = YES;
				CLANG_WARN_SUSPICIOUS_MOVE = YES;
				CLANG_WARN_UNGUARDED_AVAILABILITY = YES_AGGRESSIVE;
				CLANG_WARN_UNREACHABLE_CODE = YES;
				CLANG_WARN__DUPLICATE_METHOD_MATCH = YES;
				COPY_PHASE_STRIP = NO;
				DEBUG_INFORMATION_FORMAT = dwarf;
				ENABLE_STRICT_OBJC_MSGSEND = YES;
				ENABLE_TESTABILITY = YES;
				GCC_C_LANGUAGE_STANDARD = gnu11;
				GCC_DYNAMIC_NO_PIC = NO;
				GCC_NO_COMMON_BLOCKS = YES;
				GCC_OPTIMIZATION_LEVEL = 0;
				GCC_PREPROCESSOR_DEFINITIONS = (
					"DEBUG=1",
					"$(inherited)",
				);
				GCC_WARN_64_TO_32_BIT_CONVERSION = YES;
				GCC_WARN_ABOUT_RETURN_TYPE = YES_ERROR;
				GCC_WARN_UNDECLARED_SELECTOR = YES;
				GCC_WARN_UNINITIALIZED_AUTOS = YES_AGGRESSIVE;
				GCC_WARN_UNUSED_FUNCTION = YES;
				GCC_WARN_UNUSED_VARIABLE = YES;
				IPHONEOS_DEPLOYMENT_TARGET = 13.2;
				MTL_ENABLE_DEBUG_INFO = INCLUDE_SOURCE;
				MTL_FAST_MATH = YES;
				ONLY_ACTIVE_ARCH = YES;
				SDKROOT = iphoneos;
				SWIFT_ACTIVE_COMPILATION_CONDITIONS = DEBUG;
				SWIFT_OPTIMIZATION_LEVEL = "-Onone";
			};
			name = Debug;
		};
		F3DFC66E23FEC2F70042F4A2 /* Release */ = {
			isa = XCBuildConfiguration;
			buildSettings = {
				ALWAYS_SEARCH_USER_PATHS = NO;
				CLANG_ANALYZER_NONNULL = YES;
				CLANG_ANALYZER_NUMBER_OBJECT_CONVERSION = YES_AGGRESSIVE;
				CLANG_CXX_LANGUAGE_STANDARD = "gnu++14";
				CLANG_CXX_LIBRARY = "libc++";
				CLANG_ENABLE_MODULES = YES;
				CLANG_ENABLE_OBJC_ARC = YES;
				CLANG_ENABLE_OBJC_WEAK = YES;
				CLANG_WARN_BLOCK_CAPTURE_AUTORELEASING = YES;
				CLANG_WARN_BOOL_CONVERSION = YES;
				CLANG_WARN_COMMA = YES;
				CLANG_WARN_CONSTANT_CONVERSION = YES;
				CLANG_WARN_DEPRECATED_OBJC_IMPLEMENTATIONS = YES;
				CLANG_WARN_DIRECT_OBJC_ISA_USAGE = YES_ERROR;
				CLANG_WARN_DOCUMENTATION_COMMENTS = YES;
				CLANG_WARN_EMPTY_BODY = YES;
				CLANG_WARN_ENUM_CONVERSION = YES;
				CLANG_WARN_INFINITE_RECURSION = YES;
				CLANG_WARN_INT_CONVERSION = YES;
				CLANG_WARN_NON_LITERAL_NULL_CONVERSION = YES;
				CLANG_WARN_OBJC_IMPLICIT_RETAIN_SELF = YES;
				CLANG_WARN_OBJC_LITERAL_CONVERSION = YES;
				CLANG_WARN_OBJC_ROOT_CLASS = YES_ERROR;
				CLANG_WARN_RANGE_LOOP_ANALYSIS = YES;
				CLANG_WARN_STRICT_PROTOTYPES = YES;
				CLANG_WARN_SUSPICIOUS_MOVE = YES;
				CLANG_WARN_UNGUARDED_AVAILABILITY = YES_AGGRESSIVE;
				CLANG_WARN_UNREACHABLE_CODE = YES;
				CLANG_WARN__DUPLICATE_METHOD_MATCH = YES;
				COPY_PHASE_STRIP = NO;
				DEBUG_INFORMATION_FORMAT = "dwarf-with-dsym";
				ENABLE_NS_ASSERTIONS = NO;
				ENABLE_STRICT_OBJC_MSGSEND = YES;
				GCC_C_LANGUAGE_STANDARD = gnu11;
				GCC_NO_COMMON_BLOCKS = YES;
				GCC_WARN_64_TO_32_BIT_CONVERSION = YES;
				GCC_WARN_ABOUT_RETURN_TYPE = YES_ERROR;
				GCC_WARN_UNDECLARED_SELECTOR = YES;
				GCC_WARN_UNINITIALIZED_AUTOS = YES_AGGRESSIVE;
				GCC_WARN_UNUSED_FUNCTION = YES;
				GCC_WARN_UNUSED_VARIABLE = YES;
				IPHONEOS_DEPLOYMENT_TARGET = 13.2;
				MTL_ENABLE_DEBUG_INFO = NO;
				MTL_FAST_MATH = YES;
				SDKROOT = iphoneos;
				SWIFT_COMPILATION_MODE = wholemodule;
				SWIFT_OPTIMIZATION_LEVEL = "-O";
				VALIDATE_PRODUCT = YES;
			};
			name = Release;
		};
		F3DFC67023FEC2F70042F4A2 /* Debug */ = {
			isa = XCBuildConfiguration;
			baseConfigurationReference = 0D37188677D558F0F245A7C8 /* Pods-PartyologyII.debug.xcconfig */;
			buildSettings = {
				ASSETCATALOG_COMPILER_APPICON_NAME = AppIcon;
				CODE_SIGN_STYLE = Automatic;
				DEVELOPMENT_TEAM = 7RNLY567N6;
				INFOPLIST_FILE = PartyologyII/Info.plist;
				LD_RUNPATH_SEARCH_PATHS = (
					"$(inherited)",
					"@executable_path/Frameworks",
				);
				PRODUCT_BUNDLE_IDENTIFIER = com.NewWaveComputers.PartyologyII;
				PRODUCT_NAME = "$(TARGET_NAME)";
				SWIFT_OPTIMIZATION_LEVEL = "-O";
				SWIFT_VERSION = 5.0;
				TARGETED_DEVICE_FAMILY = "1,2";
			};
			name = Debug;
		};
		F3DFC67123FEC2F70042F4A2 /* Release */ = {
			isa = XCBuildConfiguration;
			baseConfigurationReference = BCF4D22A75D7CEAD70A6AF1D /* Pods-PartyologyII.release.xcconfig */;
			buildSettings = {
				ASSETCATALOG_COMPILER_APPICON_NAME = AppIcon;
				CODE_SIGN_STYLE = Automatic;
				DEVELOPMENT_TEAM = 7RNLY567N6;
				INFOPLIST_FILE = PartyologyII/Info.plist;
				LD_RUNPATH_SEARCH_PATHS = (
					"$(inherited)",
					"@executable_path/Frameworks",
				);
				PRODUCT_BUNDLE_IDENTIFIER = com.NewWaveComputers.PartyologyII;
				PRODUCT_NAME = "$(TARGET_NAME)";
				SWIFT_VERSION = 5.0;
				TARGETED_DEVICE_FAMILY = "1,2";
			};
			name = Release;
		};
		F3DFC67323FEC2F70042F4A2 /* Debug */ = {
			isa = XCBuildConfiguration;
			buildSettings = {
				ALWAYS_EMBED_SWIFT_STANDARD_LIBRARIES = YES;
				BUNDLE_LOADER = "$(TEST_HOST)";
				CODE_SIGN_STYLE = Automatic;
				DEVELOPMENT_TEAM = 7RNLY567N6;
				INFOPLIST_FILE = PartyologyIITests/Info.plist;
				IPHONEOS_DEPLOYMENT_TARGET = 13.2;
				LD_RUNPATH_SEARCH_PATHS = (
					"$(inherited)",
					"@executable_path/Frameworks",
					"@loader_path/Frameworks",
				);
				PRODUCT_BUNDLE_IDENTIFIER = com.NewWaveComputers.PartyologyIITests;
				PRODUCT_NAME = "$(TARGET_NAME)";
				SWIFT_VERSION = 5.0;
				TARGETED_DEVICE_FAMILY = "1,2";
				TEST_HOST = "$(BUILT_PRODUCTS_DIR)/PartyologyII.app/PartyologyII";
			};
			name = Debug;
		};
		F3DFC67423FEC2F70042F4A2 /* Release */ = {
			isa = XCBuildConfiguration;
			buildSettings = {
				ALWAYS_EMBED_SWIFT_STANDARD_LIBRARIES = YES;
				BUNDLE_LOADER = "$(TEST_HOST)";
				CODE_SIGN_STYLE = Automatic;
				DEVELOPMENT_TEAM = 7RNLY567N6;
				INFOPLIST_FILE = PartyologyIITests/Info.plist;
				IPHONEOS_DEPLOYMENT_TARGET = 13.2;
				LD_RUNPATH_SEARCH_PATHS = (
					"$(inherited)",
					"@executable_path/Frameworks",
					"@loader_path/Frameworks",
				);
				PRODUCT_BUNDLE_IDENTIFIER = com.NewWaveComputers.PartyologyIITests;
				PRODUCT_NAME = "$(TARGET_NAME)";
				SWIFT_VERSION = 5.0;
				TARGETED_DEVICE_FAMILY = "1,2";
				TEST_HOST = "$(BUILT_PRODUCTS_DIR)/PartyologyII.app/PartyologyII";
			};
			name = Release;
		};
		F3DFC67623FEC2F70042F4A2 /* Debug */ = {
			isa = XCBuildConfiguration;
			buildSettings = {
				ALWAYS_EMBED_SWIFT_STANDARD_LIBRARIES = YES;
				CODE_SIGN_STYLE = Automatic;
				DEVELOPMENT_TEAM = 7RNLY567N6;
				INFOPLIST_FILE = PartyologyIIUITests/Info.plist;
				LD_RUNPATH_SEARCH_PATHS = (
					"$(inherited)",
					"@executable_path/Frameworks",
					"@loader_path/Frameworks",
				);
				PRODUCT_BUNDLE_IDENTIFIER = com.NewWaveComputers.PartyologyIIUITests;
				PRODUCT_NAME = "$(TARGET_NAME)";
				SWIFT_VERSION = 5.0;
				TARGETED_DEVICE_FAMILY = "1,2";
				TEST_TARGET_NAME = PartyologyII;
			};
			name = Debug;
		};
		F3DFC67723FEC2F70042F4A2 /* Release */ = {
			isa = XCBuildConfiguration;
			buildSettings = {
				ALWAYS_EMBED_SWIFT_STANDARD_LIBRARIES = YES;
				CODE_SIGN_STYLE = Automatic;
				DEVELOPMENT_TEAM = 7RNLY567N6;
				INFOPLIST_FILE = PartyologyIIUITests/Info.plist;
				LD_RUNPATH_SEARCH_PATHS = (
					"$(inherited)",
					"@executable_path/Frameworks",
					"@loader_path/Frameworks",
				);
				PRODUCT_BUNDLE_IDENTIFIER = com.NewWaveComputers.PartyologyIIUITests;
				PRODUCT_NAME = "$(TARGET_NAME)";
				SWIFT_VERSION = 5.0;
				TARGETED_DEVICE_FAMILY = "1,2";
				TEST_TARGET_NAME = PartyologyII;
			};
			name = Release;
		};
/* End XCBuildConfiguration section */

/* Begin XCConfigurationList section */
		F3DFC64023FEC2F00042F4A2 /* Build configuration list for PBXProject "PartyologyII" */ = {
			isa = XCConfigurationList;
			buildConfigurations = (
				F3DFC66D23FEC2F70042F4A2 /* Debug */,
				F3DFC66E23FEC2F70042F4A2 /* Release */,
			);
			defaultConfigurationIsVisible = 0;
			defaultConfigurationName = Release;
		};
		F3DFC66F23FEC2F70042F4A2 /* Build configuration list for PBXNativeTarget "PartyologyII" */ = {
			isa = XCConfigurationList;
			buildConfigurations = (
				F3DFC67023FEC2F70042F4A2 /* Debug */,
				F3DFC67123FEC2F70042F4A2 /* Release */,
			);
			defaultConfigurationIsVisible = 0;
			defaultConfigurationName = Release;
		};
		F3DFC67223FEC2F70042F4A2 /* Build configuration list for PBXNativeTarget "PartyologyIITests" */ = {
			isa = XCConfigurationList;
			buildConfigurations = (
				F3DFC67323FEC2F70042F4A2 /* Debug */,
				F3DFC67423FEC2F70042F4A2 /* Release */,
			);
			defaultConfigurationIsVisible = 0;
			defaultConfigurationName = Release;
		};
		F3DFC67523FEC2F70042F4A2 /* Build configuration list for PBXNativeTarget "PartyologyIIUITests" */ = {
			isa = XCConfigurationList;
			buildConfigurations = (
				F3DFC67623FEC2F70042F4A2 /* Debug */,
				F3DFC67723FEC2F70042F4A2 /* Release */,
			);
			defaultConfigurationIsVisible = 0;
			defaultConfigurationName = Release;
		};
/* End XCConfigurationList section */
	};
	rootObject = F3DFC63D23FEC2F00042F4A2 /* Project object */;
}
